// !$*UTF8*$!
{
	archiveVersion = 1;
	classes = {
	};
	objectVersion = 51;
	objects = {

/* Begin PBXBuildFile section */
		1A5599C82523530400ECF032 /* AppDelegate.swift in Sources */ = {isa = PBXBuildFile; fileRef = 1A5599C72523530400ECF032 /* AppDelegate.swift */; };
		1A5599CA2523530400ECF032 /* SceneDelegate.swift in Sources */ = {isa = PBXBuildFile; fileRef = 1A5599C92523530400ECF032 /* SceneDelegate.swift */; };
		1A5599CC2523530400ECF032 /* ViewController.swift in Sources */ = {isa = PBXBuildFile; fileRef = 1A5599CB2523530400ECF032 /* ViewController.swift */; };
		1A5599CF2523530400ECF032 /* Main.storyboard in Resources */ = {isa = PBXBuildFile; fileRef = 1A5599CD2523530400ECF032 /* Main.storyboard */; };
		1A5599D12523530500ECF032 /* Assets.xcassets in Resources */ = {isa = PBXBuildFile; fileRef = 1A5599D02523530500ECF032 /* Assets.xcassets */; };
		1A5599D42523530500ECF032 /* LaunchScreen.storyboard in Resources */ = {isa = PBXBuildFile; fileRef = 1A5599D22523530500ECF032 /* LaunchScreen.storyboard */; };
		1A5599E1252357CF00ECF032 /* todo.swift in Sources */ = {isa = PBXBuildFile; fileRef = 1A5599E0252357CF00ECF032 /* todo.swift */; };
		1A5599E825236D0700ECF032 /* AddViewController.swift in Sources */ = {isa = PBXBuildFile; fileRef = 1A5599E725236D0700ECF032 /* AddViewController.swift */; };
		7CF6F0A91ED36D504D74146E /* Pods_todo.framework in Frameworks */ = {isa = PBXBuildFile; fileRef = 8F716C90DDF5FD77A29B09F5 /* Pods_todo.framework */; };
/* End PBXBuildFile section */

/* Begin PBXFileReference section */
		1A5599C42523530400ECF032 /* todo.app */ = {isa = PBXFileReference; explicitFileType = wrapper.application; includeInIndex = 0; path = todo.app; sourceTree = BUILT_PRODUCTS_DIR; };
		1A5599C72523530400ECF032 /* AppDelegate.swift */ = {isa = PBXFileReference; lastKnownFileType = sourcecode.swift; path = AppDelegate.swift; sourceTree = "<group>"; };
		1A5599C92523530400ECF032 /* SceneDelegate.swift */ = {isa = PBXFileReference; lastKnownFileType = sourcecode.swift; path = SceneDelegate.swift; sourceTree = "<group>"; };
		1A5599CB2523530400ECF032 /* ViewController.swift */ = {isa = PBXFileReference; lastKnownFileType = sourcecode.swift; path = ViewController.swift; sourceTree = "<group>"; };
		1A5599CE2523530400ECF032 /* Base */ = {isa = PBXFileReference; lastKnownFileType = file.storyboard; name = Base; path = Base.lproj/Main.storyboard; sourceTree = "<group>"; };
		1A5599D02523530500ECF032 /* Assets.xcassets */ = {isa = PBXFileReference; lastKnownFileType = folder.assetcatalog; path = Assets.xcassets; sourceTree = "<group>"; };
		1A5599D32523530500ECF032 /* Base */ = {isa = PBXFileReference; lastKnownFileType = file.storyboard; name = Base; path = Base.lproj/LaunchScreen.storyboard; sourceTree = "<group>"; };
		1A5599D52523530500ECF032 /* Info.plist */ = {isa = PBXFileReference; lastKnownFileType = text.plist.xml; path = Info.plist; sourceTree = "<group>"; };
		1A5599E0252357CF00ECF032 /* todo.swift */ = {isa = PBXFileReference; lastKnownFileType = sourcecode.swift; path = todo.swift; sourceTree = "<group>"; };
		1A5599E725236D0700ECF032 /* AddViewController.swift */ = {isa = PBXFileReference; lastKnownFileType = sourcecode.swift; path = AddViewController.swift; sourceTree = "<group>"; };
		8F716C90DDF5FD77A29B09F5 /* Pods_todo.framework */ = {isa = PBXFileReference; explicitFileType = wrapper.framework; includeInIndex = 0; path = Pods_todo.framework; sourceTree = BUILT_PRODUCTS_DIR; };
		8FA386A623B19B38DA7D5649 /* Pods-todo.release.xcconfig */ = {isa = PBXFileReference; includeInIndex = 1; lastKnownFileType = text.xcconfig; name = "Pods-todo.release.xcconfig"; path = "Target Support Files/Pods-todo/Pods-todo.release.xcconfig"; sourceTree = "<group>"; };
		A9A9E44A8196FF5BD64ABC50 /* Pods-todo.debug.xcconfig */ = {isa = PBXFileReference; includeInIndex = 1; lastKnownFileType = text.xcconfig; name = "Pods-todo.debug.xcconfig"; path = "Target Support Files/Pods-todo/Pods-todo.debug.xcconfig"; sourceTree = "<group>"; };
/* End PBXFileReference section */

/* Begin PBXFrameworksBuildPhase section */
		1A5599C12523530400ECF032 /* Frameworks */ = {
			isa = PBXFrameworksBuildPhase;
			buildActionMask = 2147483647;
			files = (
				7CF6F0A91ED36D504D74146E /* Pods_todo.framework in Frameworks */,
			);
			runOnlyForDeploymentPostprocessing = 0;
		};
/* End PBXFrameworksBuildPhase section */

/* Begin PBXGroup section */
		1A5599BB2523530400ECF032 = {
			isa = PBXGroup;
			children = (
				1A5599C62523530400ECF032 /* todo */,
				1A5599C52523530400ECF032 /* Products */,
				80993ACEB26FF3C631BCFD54 /* Pods */,
				66B4E505B0DC8D6FBC45BBA5 /* Frameworks */,
			);
			sourceTree = "<group>";
		};
		1A5599C52523530400ECF032 /* Products */ = {
			isa = PBXGroup;
			children = (
				1A5599C42523530400ECF032 /* todo.app */,
			);
			name = Products;
			sourceTree = "<group>";
		};
		1A5599C62523530400ECF032 /* todo */ = {
			isa = PBXGroup;
			children = (
				1A5599C72523530400ECF032 /* AppDelegate.swift */,
				1A5599C92523530400ECF032 /* SceneDelegate.swift */,
				1A5599CB2523530400ECF032 /* ViewController.swift */,
				1A5599CD2523530400ECF032 /* Main.storyboard */,
				1A5599D02523530500ECF032 /* Assets.xcassets */,
				1A5599D22523530500ECF032 /* LaunchScreen.storyboard */,
				1A5599D52523530500ECF032 /* Info.plist */,
				1A5599E0252357CF00ECF032 /* todo.swift */,
				1A5599E725236D0700ECF032 /* AddViewController.swift */,
			);
			path = todo;
			sourceTree = "<group>";
		};
		66B4E505B0DC8D6FBC45BBA5 /* Frameworks */ = {
			isa = PBXGroup;
			children = (
				8F716C90DDF5FD77A29B09F5 /* Pods_todo.framework */,
			);
			name = Frameworks;
			sourceTree = "<group>";
		};
		80993ACEB26FF3C631BCFD54 /* Pods */ = {
			isa = PBXGroup;
			children = (
				A9A9E44A8196FF5BD64ABC50 /* Pods-todo.debug.xcconfig */,
				8FA386A623B19B38DA7D5649 /* Pods-todo.release.xcconfig */,
			);
			path = Pods;
			sourceTree = "<group>";
		};
/* End PBXGroup section */

/* Begin PBXNativeTarget section */
		1A5599C32523530400ECF032 /* todo */ = {
			isa = PBXNativeTarget;
			buildConfigurationList = 1A5599D82523530500ECF032 /* Build configuration list for PBXNativeTarget "todo" */;
			buildPhases = (
				7F8CE188C0DCB509C87809D4 /* [CP] Check Pods Manifest.lock */,
				1A5599C02523530400ECF032 /* Sources */,
				1A5599C12523530400ECF032 /* Frameworks */,
				1A5599C22523530400ECF032 /* Resources */,
				F86E16349FA401980330ECAE /* [CP] Embed Pods Frameworks */,
			);
			buildRules = (
			);
			dependencies = (
			);
			name = todo;
			productName = todo;
			productReference = 1A5599C42523530400ECF032 /* todo.app */;
			productType = "com.apple.product-type.application";
		};
/* End PBXNativeTarget section */

/* Begin PBXProject section */
		1A5599BC2523530400ECF032 /* Project object */ = {
			isa = PBXProject;
			attributes = {
				LastSwiftUpdateCheck = 1200;
				LastUpgradeCheck = 1200;
				TargetAttributes = {
					1A5599C32523530400ECF032 = {
						CreatedOnToolsVersion = 12.0.1;
					};
				};
			};
			buildConfigurationList = 1A5599BF2523530400ECF032 /* Build configuration list for PBXProject "todo" */;
			compatibilityVersion = "Xcode 9.3";
			developmentRegion = en;
			hasScannedForEncodings = 0;
			knownRegions = (
				en,
				Base,
			);
			mainGroup = 1A5599BB2523530400ECF032;
			productRefGroup = 1A5599C52523530400ECF032 /* Products */;
			projectDirPath = "";
			projectRoot = "";
			targets = (
				1A5599C32523530400ECF032 /* todo */,
			);
		};
/* End PBXProject section */

/* Begin PBXResourcesBuildPhase section */
		1A5599C22523530400ECF032 /* Resources */ = {
			isa = PBXResourcesBuildPhase;
			buildActionMask = 2147483647;
			files = (
				1A5599D42523530500ECF032 /* LaunchScreen.storyboard in Resources */,
				1A5599D12523530500ECF032 /* Assets.xcassets in Resources */,
				1A5599CF2523530400ECF032 /* Main.storyboard in Resources */,
			);
			runOnlyForDeploymentPostprocessing = 0;
		};
/* End PBXResourcesBuildPhase section */

/* Begin PBXShellScriptBuildPhase section */
		7F8CE188C0DCB509C87809D4 /* [CP] Check Pods Manifest.lock */ = {
			isa = PBXShellScriptBuildPhase;
			buildActionMask = 2147483647;
			files = (
			);
			inputFileListPaths = (
			);
			inputPaths = (
				"${PODS_PODFILE_DIR_PATH}/Podfile.lock",
				"${PODS_ROOT}/Manifest.lock",
			);
			name = "[CP] Check Pods Manifest.lock";
			outputFileListPaths = (
			);
			outputPaths = (
				"$(DERIVED_FILE_DIR)/Pods-todo-checkManifestLockResult.txt",
			);
			runOnlyForDeploymentPostprocessing = 0;
			shellPath = /bin/sh;
			shellScript = "diff \"${PODS_PODFILE_DIR_PATH}/Podfile.lock\" \"${PODS_ROOT}/Manifest.lock\" > /dev/null\nif [ $? != 0 ] ; then\n    # print error to STDERR\n    echo \"error: The sandbox is not in sync with the Podfile.lock. Run 'pod install' or update your CocoaPods installation.\" >&2\n    exit 1\nfi\n# This output is used by Xcode 'outputs' to avoid re-running this script phase.\necho \"SUCCESS\" > \"${SCRIPT_OUTPUT_FILE_0}\"\n";
			showEnvVarsInLog = 0;
		};
		F86E16349FA401980330ECAE /* [CP] Embed Pods Frameworks */ = {
			isa = PBXShellScriptBuildPhase;
			buildActionMask = 2147483647;
			files = (
			);
			inputFileListPaths = (
				"${PODS_ROOT}/Target Support Files/Pods-todo/Pods-todo-frameworks-${CONFIGURATION}-input-files.xcfilelist",
			);
			name = "[CP] Embed Pods Frameworks";
			outputFileListPaths = (
				"${PODS_ROOT}/Target Support Files/Pods-todo/Pods-todo-frameworks-${CONFIGURATION}-output-files.xcfilelist",
			);
			runOnlyForDeploymentPostprocessing = 0;
			shellPath = /bin/sh;
			shellScript = "\"${PODS_ROOT}/Target Support Files/Pods-todo/Pods-todo-frameworks.sh\"\n";
			showEnvVarsInLog = 0;
		};
/* End PBXShellScriptBuildPhase section */

/* Begin PBXSourcesBuildPhase section */
		1A5599C02523530400ECF032 /* Sources */ = {
			isa = PBXSourcesBuildPhase;
			buildActionMask = 2147483647;
			files = (
				1A5599E825236D0700ECF032 /* AddViewController.swift in Sources */,
				1A5599CC2523530400ECF032 /* ViewController.swift in Sources */,
				1A5599C82523530400ECF032 /* AppDelegate.swift in Sources */,
				1A5599CA2523530400ECF032 /* SceneDelegate.swift in Sources */,
				1A5599E1252357CF00ECF032 /* todo.swift in Sources */,
			);
			runOnlyForDeploymentPostprocessing = 0;
		};
/* End PBXSourcesBuildPhase section */

/* Begin PBXVariantGroup section */
		1A5599CD2523530400ECF032 /* Main.storyboard */ = {
			isa = PBXVariantGroup;
			children = (
				1A5599CE2523530400ECF032 /* Base */,
			);
			name = Main.storyboard;
			sourceTree = "<group>";
		};
		1A5599D22523530500ECF032 /* LaunchScreen.storyboard */ = {
			isa = PBXVariantGroup;
			children = (
				1A5599D32523530500ECF032 /* Base */,
			);
			name = LaunchScreen.storyboard;
			sourceTree = "<group>";
		};
/* End PBXVariantGroup section */

/* Begin XCBuildConfiguration section */
		1A5599D62523530500ECF032 /* Debug */ = {
			isa = XCBuildConfiguration;
			buildSettings = {
				ALWAYS_SEARCH_USER_PATHS = NO;
				CLANG_ANALYZER_NONNULL = YES;
				CLANG_ANALYZER_NUMBER_OBJECT_CONVERSION = YES_AGGRESSIVE;
				CLANG_CXX_LANGUAGE_STANDARD = "gnu++14";
				CLANG_CXX_LIBRARY = "libc++";
				CLANG_ENABLE_MODULES = YES;
				CLANG_ENABLE_OBJC_ARC = YES;
				CLANG_ENABLE_OBJC_WEAK = YES;
				CLANG_WARN_BLOCK_CAPTURE_AUTORELEASING = YES;
				CLANG_WARN_BOOL_CONVERSION = YES;
				CLANG_WARN_COMMA = YES;
				CLANG_WARN_CONSTANT_CONVERSION = YES;
				CLANG_WARN_DEPRECATED_OBJC_IMPLEMENTATIONS = YES;
				CLANG_WARN_DIRECT_OBJC_ISA_USAGE = YES_ERROR;
				CLANG_WARN_DOCUMENTATION_COMMENTS = YES;
				CLANG_WARN_EMPTY_BODY = YES;
				CLANG_WARN_ENUM_CONVERSION = YES;
				CLANG_WARN_INFINITE_RECURSION = YES;
				CLANG_WARN_INT_CONVERSION = YES;
				CLANG_WARN_NON_LITERAL_NULL_CONVERSION = YES;
				CLANG_WARN_OBJC_IMPLICIT_RETAIN_SELF = YES;
				CLANG_WARN_OBJC_LITERAL_CONVERSION = YES;
				CLANG_WARN_OBJC_ROOT_CLASS = YES_ERROR;
				CLANG_WARN_QUOTED_INCLUDE_IN_FRAMEWORK_HEADER = YES;
				CLANG_WARN_RANGE_LOOP_ANALYSIS = YES;
				CLANG_WARN_STRICT_PROTOTYPES = YES;
				CLANG_WARN_SUSPICIOUS_MOVE = YES;
				CLANG_WARN_UNGUARDED_AVAILABILITY = YES_AGGRESSIVE;
				CLANG_WARN_UNREACHABLE_CODE = YES;
				CLANG_WARN__DUPLICATE_METHOD_MATCH = YES;
				COPY_PHASE_STRIP = NO;
				DEBUG_INFORMATION_FORMAT = dwarf;
				ENABLE_STRICT_OBJC_MSGSEND = YES;
				ENABLE_TESTABILITY = YES;
				GCC_C_LANGUAGE_STANDARD = gnu11;
				GCC_DYNAMIC_NO_PIC = NO;
				GCC_NO_COMMON_BLOCKS = YES;
				GCC_OPTIMIZATION_LEVEL = 0;
				GCC_PREPROCESSOR_DEFINITIONS = (
					"DEBUG=1",
					"$(inherited)",
				);
				GCC_WARN_64_TO_32_BIT_CONVERSION = YES;
				GCC_WARN_ABOUT_RETURN_TYPE = YES_ERROR;
				GCC_WARN_UNDECLARED_SELECTOR = YES;
				GCC_WARN_UNINITIALIZED_AUTOS = YES_AGGRESSIVE;
				GCC_WARN_UNUSED_FUNCTION = YES;
				GCC_WARN_UNUSED_VARIABLE = YES;
				IPHONEOS_DEPLOYMENT_TARGET = 14.0;
				MTL_ENABLE_DEBUG_INFO = INCLUDE_SOURCE;
				MTL_FAST_MATH = YES;
				ONLY_ACTIVE_ARCH = YES;
				SDKROOT = iphoneos;
				SWIFT_ACTIVE_COMPILATION_CONDITIONS = DEBUG;
				SWIFT_OPTIMIZATION_LEVEL = "-Onone";
			};
			name = Debug;
		};
		1A5599D72523530500ECF032 /* Release */ = {
			isa = XCBuildConfiguration;
			buildSettings = {
				ALWAYS_SEARCH_USER_PATHS = NO;
				CLANG_ANALYZER_NONNULL = YES;
				CLANG_ANALYZER_NUMBER_OBJECT_CONVERSION = YES_AGGRESSIVE;
				CLANG_CXX_LANGUAGE_STANDARD = "gnu++14";
				CLANG_CXX_LIBRARY = "libc++";
				CLANG_ENABLE_MODULES = YES;
				CLANG_ENABLE_OBJC_ARC = YES;
				CLANG_ENABLE_OBJC_WEAK = YES;
				CLANG_WARN_BLOCK_CAPTURE_AUTORELEASING = YES;
				CLANG_WARN_BOOL_CONVERSION = YES;
				CLANG_WARN_COMMA = YES;
				CLANG_WARN_CONSTANT_CONVERSION = YES;
				CLANG_WARN_DEPRECATED_OBJC_IMPLEMENTATIONS = YES;
				CLANG_WARN_DIRECT_OBJC_ISA_USAGE = YES_ERROR;
				CLANG_WARN_DOCUMENTATION_COMMENTS = YES;
				CLANG_WARN_EMPTY_BODY = YES;
				CLANG_WARN_ENUM_CONVERSION = YES;
				CLANG_WARN_INFINITE_RECURSION = YES;
				CLANG_WARN_INT_CONVERSION = YES;
				CLANG_WARN_NON_LITERAL_NULL_CONVERSION = YES;
				CLANG_WARN_OBJC_IMPLICIT_RETAIN_SELF = YES;
				CLANG_WARN_OBJC_LITERAL_CONVERSION = YES;
				CLANG_WARN_OBJC_ROOT_CLASS = YES_ERROR;
				CLANG_WARN_QUOTED_INCLUDE_IN_FRAMEWORK_HEADER = YES;
				CLANG_WARN_RANGE_LOOP_ANALYSIS = YES;
				CLANG_WARN_STRICT_PROTOTYPES = YES;
				CLANG_WARN_SUSPICIOUS_MOVE = YES;
				CLANG_WARN_UNGUARDED_AVAILABILITY = YES_AGGRESSIVE;
				CLANG_WARN_UNREACHABLE_CODE = YES;
				CLANG_WARN__DUPLICATE_METHOD_MATCH = YES;
				COPY_PHASE_STRIP = NO;
				DEBUG_INFORMATION_FORMAT = "dwarf-with-dsym";
				ENABLE_NS_ASSERTIONS = NO;
				ENABLE_STRICT_OBJC_MSGSEND = YES;
				GCC_C_LANGUAGE_STANDARD = gnu11;
				GCC_NO_COMMON_BLOCKS = YES;
				GCC_WARN_64_TO_32_BIT_CONVERSION = YES;
				GCC_WARN_ABOUT_RETURN_TYPE = YES_ERROR;
				GCC_WARN_UNDECLARED_SELECTOR = YES;
				GCC_WARN_UNINITIALIZED_AUTOS = YES_AGGRESSIVE;
				GCC_WARN_UNUSED_FUNCTION = YES;
				GCC_WARN_UNUSED_VARIABLE = YES;
				IPHONEOS_DEPLOYMENT_TARGET = 14.0;
				MTL_ENABLE_DEBUG_INFO = NO;
				MTL_FAST_MATH = YES;
				SDKROOT = iphoneos;
				SWIFT_COMPILATION_MODE = wholemodule;
				SWIFT_OPTIMIZATION_LEVEL = "-O";
				VALIDATE_PRODUCT = YES;
			};
			name = Release;
		};
		1A5599D92523530500ECF032 /* Debug */ = {
			isa = XCBuildConfiguration;
			baseConfigurationReference = A9A9E44A8196FF5BD64ABC50 /* Pods-todo.debug.xcconfig */;
			buildSettings = {
				ASSETCATALOG_COMPILER_APPICON_NAME = AppIcon;
				ASSETCATALOG_COMPILER_GLOBAL_ACCENT_COLOR_NAME = AccentColor;
				CODE_SIGN_STYLE = Automatic;
				DEVELOPMENT_TEAM = TXV9V2PV6L;
				INFOPLIST_FILE = todo/Info.plist;
				LD_RUNPATH_SEARCH_PATHS = (
					"$(inherited)",
					"@executable_path/Frameworks",
				);
				PRODUCT_BUNDLE_IDENTIFIER = app.yuka.watanabe.todo;
				PRODUCT_NAME = "$(TARGET_NAME)";
				SWIFT_VERSION = 5.0;
				TARGETED_DEVICE_FAMILY = "1,2";
			};
			name = Debug;
		};
		1A5599DA2523530500ECF032 /* Release */ = {
			isa = XCBuildConfiguration;
			baseConfigurationReference = 8FA386A623B19B38DA7D5649 /* Pods-todo.release.xcconfig */;
			buildSettings = {
				ASSETCATALOG_COMPILER_APPICON_NAME = AppIcon;
				ASSETCATALOG_COMPILER_GLOBAL_ACCENT_COLOR_NAME = AccentColor;
				CODE_SIGN_STYLE = Automatic;
				DEVELOPMENT_TEAM = TXV9V2PV6L;
				INFOPLIST_FILE = todo/Info.plist;
				LD_RUNPATH_SEARCH_PATHS = (
					"$(inherited)",
					"@executable_path/Frameworks",
				);
				PRODUCT_BUNDLE_IDENTIFIER = app.yuka.watanabe.todo;
				PRODUCT_NAME = "$(TARGET_NAME)";
				SWIFT_VERSION = 5.0;
				TARGETED_DEVICE_FAMILY = "1,2";
			};
			name = Release;
		};
/* End XCBuildConfiguration section */

/* Begin XCConfigurationList section */
		1A5599BF2523530400ECF032 /* Build configuration list for PBXProject "todo" */ = {
			isa = XCConfigurationList;
			buildConfigurations = (
				1A5599D62523530500ECF032 /* Debug */,
				1A5599D72523530500ECF032 /* Release */,
			);
			defaultConfigurationIsVisible = 0;
			defaultConfigurationName = Release;
		};
		1A5599D82523530500ECF032 /* Build configuration list for PBXNativeTarget "todo" */ = {
			isa = XCConfigurationList;
			buildConfigurations = (
				1A5599D92523530500ECF032 /* Debug */,
				1A5599DA2523530500ECF032 /* Release */,
			);
			defaultConfigurationIsVisible = 0;
			defaultConfigurationName = Release;
		};
/* End XCConfigurationList section */
	};
	rootObject = 1A5599BC2523530400ECF032 /* Project object */;
}
